
Microsoft Visual Studio Solution File, Format Version 12.00
# Visual Studio Version 17
VisualStudioVersion = 17.9.34728.123
MinimumVisualStudioVersion = 10.0.40219.1
Project("{9A19103F-16F7-4668-BE54-9A1E7A4F7556}") = "DirectN", "DirectN\DirectN.csproj", "{ECA3940B-8DAD-4026-BC2C-82E8F73E6A9E}"
EndProject
Project("{9A19103F-16F7-4668-BE54-9A1E7A4F7556}") = "Win32InteropBuilder", "..\Win32InteropBuilder\Win32InteropBuilder\Win32InteropBuilder.csproj", "{2E87C061-DB76-4E41-A835-695E8D0DD931}"
EndProject
Project("{9A19103F-16F7-4668-BE54-9A1E7A4F7556}") = "DirectN.InteropBuilder.Cli", "DirectN.InteropBuilder.Cli\DirectN.InteropBuilder.Cli.csproj", "{447E647C-B4BE-4D47-9B8C-8FB81311C356}"
EndProject
Project("{9A19103F-16F7-4668-BE54-9A1E7A4F7556}") = "DirectN.Extensions", "DirectN.Extensions\DirectN.Extensions.csproj", "{51A748B1-B9D3-4F14-891D-EA70CAEF6094}"
EndProject
Project("{9A19103F-16F7-4668-BE54-9A1E7A4F7556}") = "DirectN.Samples.HelloWorld", "Samples\DirectN.Samples.HelloWorld\DirectN.Samples.HelloWorld.csproj", "{7E9F5D7E-DF35-4961-8E12-BB9561556799}"
EndProject
Project("{9A19103F-16F7-4668-BE54-9A1E7A4F7556}") = "DirectN.Samples.D2DHelloWorld", "Samples\DirectN.Samples.D2DHelloWorld\DirectN.Samples.D2DHelloWorld.csproj", "{C45ECA13-424C-437E-AA09-FF1BD4CC42DA}"
EndProject
Project("{9A19103F-16F7-4668-BE54-9A1E7A4F7556}") = "DirectN.Samples.MinimalD3D11", "Samples\DirectN.Samples.MinimalD3D11\DirectN.Samples.MinimalD3D11.csproj", "{01B91849-6035-4093-86E0-A86EA850CBF7}"
EndProject
Project("{9A19103F-16F7-4668-BE54-9A1E7A4F7556}") = "DirectN.Samples.WinUI3.MinimalD3D11", "Samples\DirectN.Samples.WinUI3.MinimalD3D11\DirectN.Samples.WinUI3.MinimalD3D11.csproj", "{4A6C6421-D4B5-46B2-A1C6-662964E8D623}"
EndProject
Project("{2150E333-8FDC-42A3-9474-1A3956D46DE8}") = "Samples", "Samples", "{5D20AA90-6969-D8BD-9DCD-8634F4692FDA}"
EndProject
Project("{FAE04EC0-301F-11D3-BF4B-00C04F79EFBC}") = "DirectN.Samples.PdfView", "Samples\DirectN.Samples.PdfView\DirectN.Samples.PdfView.csproj", "{32051DA4-8E7A-9F7A-3E28-5F80D4704663}"
EndProject
Project("{FAE04EC0-301F-11D3-BF4B-00C04F79EFBC}") = "DirectN.Samples.ScreenCapture", "Samples\DirectN.Samples.ScreenCapture\DirectN.Samples.ScreenCapture.csproj", "{FC96C5E8-A22D-B662-2778-08272F505326}"
EndProject
Project("{FAE04EC0-301F-11D3-BF4B-00C04F79EFBC}") = "DirectN.Samples.MediaPlay", "Samples\DirectN.Samples.MediaPlay\DirectN.Samples.MediaPlay.csproj", "{E6F958EA-CA6A-8209-AF2F-EED5AEAB005E}"
EndProject
Global
	GlobalSection(SolutionConfigurationPlatforms) = preSolution
		Debug|ARM64 = Debug|ARM64
		Debug|x64 = Debug|x64
		Debug|x86 = Debug|x86
		Release|ARM64 = Release|ARM64
		Release|x64 = Release|x64
		Release|x86 = Release|x86
	EndGlobalSection
	GlobalSection(ProjectConfigurationPlatforms) = postSolution
		{ECA3940B-8DAD-4026-BC2C-82E8F73E6A9E}.Debug|ARM64.ActiveCfg = Debug|Any CPU
		{ECA3940B-8DAD-4026-BC2C-82E8F73E6A9E}.Debug|ARM64.Build.0 = Debug|Any CPU
		{ECA3940B-8DAD-4026-BC2C-82E8F73E6A9E}.Debug|x64.ActiveCfg = Debug|Any CPU
		{ECA3940B-8DAD-4026-BC2C-82E8F73E6A9E}.Debug|x64.Build.0 = Debug|Any CPU
		{ECA3940B-8DAD-4026-BC2C-82E8F73E6A9E}.Debug|x86.ActiveCfg = Debug|Any CPU
		{ECA3940B-8DAD-4026-BC2C-82E8F73E6A9E}.Debug|x86.Build.0 = Debug|Any CPU
		{ECA3940B-8DAD-4026-BC2C-82E8F73E6A9E}.Release|ARM64.ActiveCfg = Release|Any CPU
		{ECA3940B-8DAD-4026-BC2C-82E8F73E6A9E}.Release|ARM64.Build.0 = Release|Any CPU
		{ECA3940B-8DAD-4026-BC2C-82E8F73E6A9E}.Release|x64.ActiveCfg = Release|Any CPU
		{ECA3940B-8DAD-4026-BC2C-82E8F73E6A9E}.Release|x64.Build.0 = Release|Any CPU
		{ECA3940B-8DAD-4026-BC2C-82E8F73E6A9E}.Release|x86.ActiveCfg = Release|Any CPU
		{ECA3940B-8DAD-4026-BC2C-82E8F73E6A9E}.Release|x86.Build.0 = Release|Any CPU
		{2E87C061-DB76-4E41-A835-695E8D0DD931}.Debug|ARM64.ActiveCfg = Debug|Any CPU
		{2E87C061-DB76-4E41-A835-695E8D0DD931}.Debug|ARM64.Build.0 = Debug|Any CPU
		{2E87C061-DB76-4E41-A835-695E8D0DD931}.Debug|x64.ActiveCfg = Debug|Any CPU
		{2E87C061-DB76-4E41-A835-695E8D0DD931}.Debug|x64.Build.0 = Debug|Any CPU
		{2E87C061-DB76-4E41-A835-695E8D0DD931}.Debug|x86.ActiveCfg = Debug|Any CPU
		{2E87C061-DB76-4E41-A835-695E8D0DD931}.Debug|x86.Build.0 = Debug|Any CPU
		{2E87C061-DB76-4E41-A835-695E8D0DD931}.Release|ARM64.ActiveCfg = Release|Any CPU
		{2E87C061-DB76-4E41-A835-695E8D0DD931}.Release|ARM64.Build.0 = Release|Any CPU
		{2E87C061-DB76-4E41-A835-695E8D0DD931}.Release|x64.ActiveCfg = Release|Any CPU
		{2E87C061-DB76-4E41-A835-695E8D0DD931}.Release|x64.Build.0 = Release|Any CPU
		{2E87C061-DB76-4E41-A835-695E8D0DD931}.Release|x86.ActiveCfg = Release|Any CPU
		{2E87C061-DB76-4E41-A835-695E8D0DD931}.Release|x86.Build.0 = Release|Any CPU
		{447E647C-B4BE-4D47-9B8C-8FB81311C356}.Debug|ARM64.ActiveCfg = Debug|Any CPU
		{447E647C-B4BE-4D47-9B8C-8FB81311C356}.Debug|ARM64.Build.0 = Debug|Any CPU
		{447E647C-B4BE-4D47-9B8C-8FB81311C356}.Debug|x64.ActiveCfg = Debug|Any CPU
		{447E647C-B4BE-4D47-9B8C-8FB81311C356}.Debug|x64.Build.0 = Debug|Any CPU
		{447E647C-B4BE-4D47-9B8C-8FB81311C356}.Debug|x86.ActiveCfg = Debug|Any CPU
		{447E647C-B4BE-4D47-9B8C-8FB81311C356}.Debug|x86.Build.0 = Debug|Any CPU
		{447E647C-B4BE-4D47-9B8C-8FB81311C356}.Release|ARM64.ActiveCfg = Release|Any CPU
		{447E647C-B4BE-4D47-9B8C-8FB81311C356}.Release|ARM64.Build.0 = Release|Any CPU
		{447E647C-B4BE-4D47-9B8C-8FB81311C356}.Release|x64.ActiveCfg = Release|Any CPU
		{447E647C-B4BE-4D47-9B8C-8FB81311C356}.Release|x64.Build.0 = Release|Any CPU
		{447E647C-B4BE-4D47-9B8C-8FB81311C356}.Release|x86.ActiveCfg = Release|Any CPU
		{447E647C-B4BE-4D47-9B8C-8FB81311C356}.Release|x86.Build.0 = Release|Any CPU
		{51A748B1-B9D3-4F14-891D-EA70CAEF6094}.Debug|ARM64.ActiveCfg = Debug|Any CPU
		{51A748B1-B9D3-4F14-891D-EA70CAEF6094}.Debug|ARM64.Build.0 = Debug|Any CPU
		{51A748B1-B9D3-4F14-891D-EA70CAEF6094}.Debug|x64.ActiveCfg = Debug|Any CPU
		{51A748B1-B9D3-4F14-891D-EA70CAEF6094}.Debug|x64.Build.0 = Debug|Any CPU
		{51A748B1-B9D3-4F14-891D-EA70CAEF6094}.Debug|x86.ActiveCfg = Debug|Any CPU
		{51A748B1-B9D3-4F14-891D-EA70CAEF6094}.Debug|x86.Build.0 = Debug|Any CPU
		{51A748B1-B9D3-4F14-891D-EA70CAEF6094}.Release|ARM64.ActiveCfg = Release|Any CPU
		{51A748B1-B9D3-4F14-891D-EA70CAEF6094}.Release|ARM64.Build.0 = Release|Any CPU
		{51A748B1-B9D3-4F14-891D-EA70CAEF6094}.Release|x64.ActiveCfg = Release|Any CPU
		{51A748B1-B9D3-4F14-891D-EA70CAEF6094}.Release|x64.Build.0 = Release|Any CPU
		{51A748B1-B9D3-4F14-891D-EA70CAEF6094}.Release|x86.ActiveCfg = Release|Any CPU
		{51A748B1-B9D3-4F14-891D-EA70CAEF6094}.Release|x86.Build.0 = Release|Any CPU
		{7E9F5D7E-DF35-4961-8E12-BB9561556799}.Debug|ARM64.ActiveCfg = Debug|ARM64
		{7E9F5D7E-DF35-4961-8E12-BB9561556799}.Debug|ARM64.Build.0 = Debug|ARM64
		{7E9F5D7E-DF35-4961-8E12-BB9561556799}.Debug|x64.ActiveCfg = Debug|x64
		{7E9F5D7E-DF35-4961-8E12-BB9561556799}.Debug|x64.Build.0 = Debug|x64
		{7E9F5D7E-DF35-4961-8E12-BB9561556799}.Debug|x86.ActiveCfg = Debug|x86
		{7E9F5D7E-DF35-4961-8E12-BB9561556799}.Debug|x86.Build.0 = Debug|x86
		{7E9F5D7E-DF35-4961-8E12-BB9561556799}.Release|ARM64.ActiveCfg = Release|ARM64
		{7E9F5D7E-DF35-4961-8E12-BB9561556799}.Release|ARM64.Build.0 = Release|ARM64
		{7E9F5D7E-DF35-4961-8E12-BB9561556799}.Release|x64.ActiveCfg = Release|x64
		{7E9F5D7E-DF35-4961-8E12-BB9561556799}.Release|x64.Build.0 = Release|x64
		{7E9F5D7E-DF35-4961-8E12-BB9561556799}.Release|x86.ActiveCfg = Release|x86
		{7E9F5D7E-DF35-4961-8E12-BB9561556799}.Release|x86.Build.0 = Release|x86
		{C45ECA13-424C-437E-AA09-FF1BD4CC42DA}.Debug|ARM64.ActiveCfg = Debug|ARM64
		{C45ECA13-424C-437E-AA09-FF1BD4CC42DA}.Debug|ARM64.Build.0 = Debug|ARM64
		{C45ECA13-424C-437E-AA09-FF1BD4CC42DA}.Debug|x64.ActiveCfg = Debug|x64
		{C45ECA13-424C-437E-AA09-FF1BD4CC42DA}.Debug|x64.Build.0 = Debug|x64
		{C45ECA13-424C-437E-AA09-FF1BD4CC42DA}.Debug|x86.ActiveCfg = Debug|x86
		{C45ECA13-424C-437E-AA09-FF1BD4CC42DA}.Debug|x86.Build.0 = Debug|x86
		{C45ECA13-424C-437E-AA09-FF1BD4CC42DA}.Release|ARM64.ActiveCfg = Release|ARM64
		{C45ECA13-424C-437E-AA09-FF1BD4CC42DA}.Release|ARM64.Build.0 = Release|ARM64
		{C45ECA13-424C-437E-AA09-FF1BD4CC42DA}.Release|x64.ActiveCfg = Release|x64
		{C45ECA13-424C-437E-AA09-FF1BD4CC42DA}.Release|x64.Build.0 = Release|x64
		{C45ECA13-424C-437E-AA09-FF1BD4CC42DA}.Release|x86.ActiveCfg = Release|x86
		{C45ECA13-424C-437E-AA09-FF1BD4CC42DA}.Release|x86.Build.0 = Release|x86
		{01B91849-6035-4093-86E0-A86EA850CBF7}.Debug|ARM64.ActiveCfg = Debug|ARM64
		{01B91849-6035-4093-86E0-A86EA850CBF7}.Debug|ARM64.Build.0 = Debug|ARM64
		{01B91849-6035-4093-86E0-A86EA850CBF7}.Debug|x64.ActiveCfg = Debug|x64
		{01B91849-6035-4093-86E0-A86EA850CBF7}.Debug|x64.Build.0 = Debug|x64
		{01B91849-6035-4093-86E0-A86EA850CBF7}.Debug|x86.ActiveCfg = Debug|x86
		{01B91849-6035-4093-86E0-A86EA850CBF7}.Debug|x86.Build.0 = Debug|x86
		{01B91849-6035-4093-86E0-A86EA850CBF7}.Release|ARM64.ActiveCfg = Release|ARM64
		{01B91849-6035-4093-86E0-A86EA850CBF7}.Release|ARM64.Build.0 = Release|ARM64
		{01B91849-6035-4093-86E0-A86EA850CBF7}.Release|x64.ActiveCfg = Release|x64
		{01B91849-6035-4093-86E0-A86EA850CBF7}.Release|x64.Build.0 = Release|x64
		{01B91849-6035-4093-86E0-A86EA850CBF7}.Release|x86.ActiveCfg = Release|x86
		{01B91849-6035-4093-86E0-A86EA850CBF7}.Release|x86.Build.0 = Release|x86
		{4A6C6421-D4B5-46B2-A1C6-662964E8D623}.Debug|ARM64.ActiveCfg = Debug|ARM64
		{4A6C6421-D4B5-46B2-A1C6-662964E8D623}.Debug|ARM64.Build.0 = Debug|ARM64
		{4A6C6421-D4B5-46B2-A1C6-662964E8D623}.Debug|ARM64.Deploy.0 = Debug|ARM64
		{4A6C6421-D4B5-46B2-A1C6-662964E8D623}.Debug|x64.ActiveCfg = Debug|x64
		{4A6C6421-D4B5-46B2-A1C6-662964E8D623}.Debug|x64.Build.0 = Debug|x64
		{4A6C6421-D4B5-46B2-A1C6-662964E8D623}.Debug|x64.Deploy.0 = Debug|x64
		{4A6C6421-D4B5-46B2-A1C6-662964E8D623}.Debug|x86.ActiveCfg = Debug|x86
		{4A6C6421-D4B5-46B2-A1C6-662964E8D623}.Debug|x86.Build.0 = Debug|x86
		{4A6C6421-D4B5-46B2-A1C6-662964E8D623}.Debug|x86.Deploy.0 = Debug|x86
		{4A6C6421-D4B5-46B2-A1C6-662964E8D623}.Release|ARM64.ActiveCfg = Release|ARM64
		{4A6C6421-D4B5-46B2-A1C6-662964E8D623}.Release|ARM64.Build.0 = Release|ARM64
		{4A6C6421-D4B5-46B2-A1C6-662964E8D623}.Release|ARM64.Deploy.0 = Release|ARM64
		{4A6C6421-D4B5-46B2-A1C6-662964E8D623}.Release|x64.ActiveCfg = Release|x64
		{4A6C6421-D4B5-46B2-A1C6-662964E8D623}.Release|x64.Build.0 = Release|x64
		{4A6C6421-D4B5-46B2-A1C6-662964E8D623}.Release|x64.Deploy.0 = Release|x64
		{4A6C6421-D4B5-46B2-A1C6-662964E8D623}.Release|x86.ActiveCfg = Release|x86
		{4A6C6421-D4B5-46B2-A1C6-662964E8D623}.Release|x86.Build.0 = Release|x86
		{4A6C6421-D4B5-46B2-A1C6-662964E8D623}.Release|x86.Deploy.0 = Release|x86
		{32051DA4-8E7A-9F7A-3E28-5F80D4704663}.Debug|ARM64.ActiveCfg = Debug|ARM64
		{32051DA4-8E7A-9F7A-3E28-5F80D4704663}.Debug|ARM64.Build.0 = Debug|ARM64
		{32051DA4-8E7A-9F7A-3E28-5F80D4704663}.Debug|x64.ActiveCfg = Debug|x64
		{32051DA4-8E7A-9F7A-3E28-5F80D4704663}.Debug|x64.Build.0 = Debug|x64
		{32051DA4-8E7A-9F7A-3E28-5F80D4704663}.Debug|x86.ActiveCfg = Debug|x86
		{32051DA4-8E7A-9F7A-3E28-5F80D4704663}.Debug|x86.Build.0 = Debug|x86
		{32051DA4-8E7A-9F7A-3E28-5F80D4704663}.Release|ARM64.ActiveCfg = Release|ARM64
		{32051DA4-8E7A-9F7A-3E28-5F80D4704663}.Release|ARM64.Build.0 = Release|ARM64
		{32051DA4-8E7A-9F7A-3E28-5F80D4704663}.Release|x64.ActiveCfg = Release|x64
		{32051DA4-8E7A-9F7A-3E28-5F80D4704663}.Release|x64.Build.0 = Release|x64
		{32051DA4-8E7A-9F7A-3E28-5F80D4704663}.Release|x86.ActiveCfg = Release|x86
		{32051DA4-8E7A-9F7A-3E28-5F80D4704663}.Release|x86.Build.0 = Release|x86
		{FC96C5E8-A22D-B662-2778-08272F505326}.Debug|ARM64.ActiveCfg = Debug|ARM64
		{FC96C5E8-A22D-B662-2778-08272F505326}.Debug|ARM64.Build.0 = Debug|ARM64
		{FC96C5E8-A22D-B662-2778-08272F505326}.Debug|x64.ActiveCfg = Debug|x64
		{FC96C5E8-A22D-B662-2778-08272F505326}.Debug|x64.Build.0 = Debug|x64
		{FC96C5E8-A22D-B662-2778-08272F505326}.Debug|x86.ActiveCfg = Debug|x86
		{FC96C5E8-A22D-B662-2778-08272F505326}.Debug|x86.Build.0 = Debug|x86
		{FC96C5E8-A22D-B662-2778-08272F505326}.Release|ARM64.ActiveCfg = Release|ARM64
		{FC96C5E8-A22D-B662-2778-08272F505326}.Release|ARM64.Build.0 = Release|ARM64
		{FC96C5E8-A22D-B662-2778-08272F505326}.Release|x64.ActiveCfg = Release|x64
		{FC96C5E8-A22D-B662-2778-08272F505326}.Release|x64.Build.0 = Release|x64
		{FC96C5E8-A22D-B662-2778-08272F505326}.Release|x86.ActiveCfg = Release|x86
		{FC96C5E8-A22D-B662-2778-08272F505326}.Release|x86.Build.0 = Release|x86
		{E6F958EA-CA6A-8209-AF2F-EED5AEAB005E}.Debug|ARM64.ActiveCfg = Debug|ARM64
		{E6F958EA-CA6A-8209-AF2F-EED5AEAB005E}.Debug|ARM64.Build.0 = Debug|ARM64
		{E6F958EA-CA6A-8209-AF2F-EED5AEAB005E}.Debug|x64.ActiveCfg = Debug|x64
		{E6F958EA-CA6A-8209-AF2F-EED5AEAB005E}.Debug|x64.Build.0 = Debug|x64
		{E6F958EA-CA6A-8209-AF2F-EED5AEAB005E}.Debug|x86.ActiveCfg = Debug|x86
		{E6F958EA-CA6A-8209-AF2F-EED5AEAB005E}.Debug|x86.Build.0 = Debug|x86
		{E6F958EA-CA6A-8209-AF2F-EED5AEAB005E}.Release|ARM64.ActiveCfg = Release|ARM64
		{E6F958EA-CA6A-8209-AF2F-EED5AEAB005E}.Release|ARM64.Build.0 = Release|ARM64
		{E6F958EA-CA6A-8209-AF2F-EED5AEAB005E}.Release|x64.ActiveCfg = Release|x64
		{E6F958EA-CA6A-8209-AF2F-EED5AEAB005E}.Release|x64.Build.0 = Release|x64
		{E6F958EA-CA6A-8209-AF2F-EED5AEAB005E}.Release|x86.ActiveCfg = Release|x86
		{E6F958EA-CA6A-8209-AF2F-EED5AEAB005E}.Release|x86.Build.0 = Release|x86
	EndGlobalSection
	GlobalSection(SolutionProperties) = preSolution
		HideSolutionNode = FALSE
	EndGlobalSection
	GlobalSection(NestedProjects) = preSolution
		{7E9F5D7E-DF35-4961-8E12-BB9561556799} = {5D20AA90-6969-D8BD-9DCD-8634F4692FDA}
		{C45ECA13-424C-437E-AA09-FF1BD4CC42DA} = {5D20AA90-6969-D8BD-9DCD-8634F4692FDA}
		{01B91849-6035-4093-86E0-A86EA850CBF7} = {5D20AA90-6969-D8BD-9DCD-8634F4692FDA}
		{4A6C6421-D4B5-46B2-A1C6-662964E8D623} = {5D20AA90-6969-D8BD-9DCD-8634F4692FDA}
		{32051DA4-8E7A-9F7A-3E28-5F80D4704663} = {5D20AA90-6969-D8BD-9DCD-8634F4692FDA}
		{FC96C5E8-A22D-B662-2778-08272F505326} = {5D20AA90-6969-D8BD-9DCD-8634F4692FDA}
		{E6F958EA-CA6A-8209-AF2F-EED5AEAB005E} = {5D20AA90-6969-D8BD-9DCD-8634F4692FDA}
	EndGlobalSection
	GlobalSection(ExtensibilityGlobals) = postSolution
		SolutionGuid = {46CCC4C0-B09A-4BF1-A82C-F4C132CF5BA5}
	EndGlobalSection
EndGlobal
