
Microsoft Visual Studio Solution File, Format Version 12.00
# Visual Studio Version 17
VisualStudioVersion = 17.9.34728.123
MinimumVisualStudioVersion = 10.0.40219.1
Project("{9A19103F-16F7-4668-BE54-9A1E7A4F7556}") = "DirectN", "DirectN\DirectN.csproj", "{ECA3940B-8DAD-4026-BC2C-82E8F73E6A9E}"
EndProject
Project("{9A19103F-16F7-4668-BE54-9A1E7A4F7556}") = "Win32InteropBuilder", "..\Win32InteropBuilder\Win32InteropBuilder\Win32InteropBuilder.csproj", "{2E87C061-DB76-4E41-A835-695E8D0DD931}"
EndProject
Project("{9A19103F-16F7-4668-BE54-9A1E7A4F7556}") = "DirectN.InteropBuilder.Cli", "DirectN.InteropBuilder.Cli\DirectN.InteropBuilder.Cli.csproj", "{447E647C-B4BE-4D47-9B8C-8FB81311C356}"
EndProject
Project("{9A19103F-16F7-4668-BE54-9A1E7A4F7556}") = "DirectN.Extensions", "DirectN.Extensions\DirectN.Extensions.csproj", "{51A748B1-B9D3-4F14-891D-EA70CAEF6094}"
EndProject
Project("{9A19103F-16F7-4668-BE54-9A1E7A4F7556}") = "DirectN.Samples.HelloWorld", "Samples\DirectN.Samples.HelloWorld\DirectN.Samples.HelloWorld.csproj", "{7E9F5D7E-DF35-4961-8E12-BB9561556799}"
EndProject
Project("{9A19103F-16F7-4668-BE54-9A1E7A4F7556}") = "DirectN.Samples.D2DHelloWorld", "Samples\DirectN.Samples.D2DHelloWorld\DirectN.Samples.D2DHelloWorld.csproj", "{C45ECA13-424C-437E-AA09-FF1BD4CC42DA}"
EndProject
Project("{9A19103F-16F7-4668-BE54-9A1E7A4F7556}") = "DirectN.Samples.MinimalD3D11", "Samples\DirectN.Samples.MinimalD3D11\DirectN.Samples.MinimalD3D11.csproj", "{01B91849-6035-4093-86E0-A86EA850CBF7}"
EndProject
Global
	GlobalSection(SolutionConfigurationPlatforms) = preSolution
		Debug|Any CPU = Debug|Any CPU
		Release|Any CPU = Release|Any CPU
	EndGlobalSection
	GlobalSection(ProjectConfigurationPlatforms) = postSolution
		{ECA3940B-8DAD-4026-BC2C-82E8F73E6A9E}.Debug|Any CPU.ActiveCfg = Debug|Any CPU
		{ECA3940B-8DAD-4026-BC2C-82E8F73E6A9E}.Debug|Any CPU.Build.0 = Debug|Any CPU
		{ECA3940B-8DAD-4026-BC2C-82E8F73E6A9E}.Release|Any CPU.ActiveCfg = Release|Any CPU
		{ECA3940B-8DAD-4026-BC2C-82E8F73E6A9E}.Release|Any CPU.Build.0 = Release|Any CPU
		{2E87C061-DB76-4E41-A835-695E8D0DD931}.Debug|Any CPU.ActiveCfg = Debug|Any CPU
		{2E87C061-DB76-4E41-A835-695E8D0DD931}.Debug|Any CPU.Build.0 = Debug|Any CPU
		{2E87C061-DB76-4E41-A835-695E8D0DD931}.Release|Any CPU.ActiveCfg = Release|Any CPU
		{2E87C061-DB76-4E41-A835-695E8D0DD931}.Release|Any CPU.Build.0 = Release|Any CPU
		{447E647C-B4BE-4D47-9B8C-8FB81311C356}.Debug|Any CPU.ActiveCfg = Debug|Any CPU
		{447E647C-B4BE-4D47-9B8C-8FB81311C356}.Debug|Any CPU.Build.0 = Debug|Any CPU
		{447E647C-B4BE-4D47-9B8C-8FB81311C356}.Release|Any CPU.ActiveCfg = Release|Any CPU
		{447E647C-B4BE-4D47-9B8C-8FB81311C356}.Release|Any CPU.Build.0 = Release|Any CPU
		{51A748B1-B9D3-4F14-891D-EA70CAEF6094}.Debug|Any CPU.ActiveCfg = Debug|Any CPU
		{51A748B1-B9D3-4F14-891D-EA70CAEF6094}.Debug|Any CPU.Build.0 = Debug|Any CPU
		{51A748B1-B9D3-4F14-891D-EA70CAEF6094}.Release|Any CPU.ActiveCfg = Release|Any CPU
		{51A748B1-B9D3-4F14-891D-EA70CAEF6094}.Release|Any CPU.Build.0 = Release|Any CPU
		{7E9F5D7E-DF35-4961-8E12-BB9561556799}.Debug|Any CPU.ActiveCfg = Debug|Any CPU
		{7E9F5D7E-DF35-4961-8E12-BB9561556799}.Debug|Any CPU.Build.0 = Debug|Any CPU
		{7E9F5D7E-DF35-4961-8E12-BB9561556799}.Release|Any CPU.ActiveCfg = Release|Any CPU
		{7E9F5D7E-DF35-4961-8E12-BB9561556799}.Release|Any CPU.Build.0 = Release|Any CPU
		{C45ECA13-424C-437E-AA09-FF1BD4CC42DA}.Debug|Any CPU.ActiveCfg = Debug|Any CPU
		{C45ECA13-424C-437E-AA09-FF1BD4CC42DA}.Debug|Any CPU.Build.0 = Debug|Any CPU
		{C45ECA13-424C-437E-AA09-FF1BD4CC42DA}.Release|Any CPU.ActiveCfg = Release|Any CPU
		{C45ECA13-424C-437E-AA09-FF1BD4CC42DA}.Release|Any CPU.Build.0 = Release|Any CPU
		{01B91849-6035-4093-86E0-A86EA850CBF7}.Debug|Any CPU.ActiveCfg = Debug|Any CPU
		{01B91849-6035-4093-86E0-A86EA850CBF7}.Debug|Any CPU.Build.0 = Debug|Any CPU
		{01B91849-6035-4093-86E0-A86EA850CBF7}.Release|Any CPU.ActiveCfg = Release|Any CPU
		{01B91849-6035-4093-86E0-A86EA850CBF7}.Release|Any CPU.Build.0 = Release|Any CPU
	EndGlobalSection
	GlobalSection(SolutionProperties) = preSolution
		HideSolutionNode = FALSE
	EndGlobalSection
	GlobalSection(ExtensibilityGlobals) = postSolution
		SolutionGuid = {46CCC4C0-B09A-4BF1-A82C-F4C132CF5BA5}
	EndGlobalSection
EndGlobal
